
Microsoft Visual Studio Solution File, Format Version 12.00
# Visual Studio Version 17
VisualStudioVersion = 17.0.31903.59
MinimumVisualStudioVersion = 10.0.40219.1
Project("{9A19103F-16F7-4668-BE54-9A1E7A4F7556}") = "Manushi_shah_InClassApi", "Manushi_shah_InClassApi.csproj", "{00ED347B-3C65-4B72-BC13-92832549CEB9}"
EndProject
Global
	GlobalSection(SolutionConfigurationPlatforms) = preSolution
		Debug|Any CPU = Debug|Any CPU
		Release|Any CPU = Release|Any CPU
	EndGlobalSection
	GlobalSection(ProjectConfigurationPlatforms) = postSolution
		{00ED347B-3C65-4B72-BC13-92832549CEB9}.Debug|Any CPU.ActiveCfg = Debug|Any CPU
		{00ED347B-3C65-4B72-BC13-92832549CEB9}.Debug|Any CPU.Build.0 = Debug|Any CPU
		{00ED347B-3C65-4B72-BC13-92832549CEB9}.Release|Any CPU.ActiveCfg = Release|Any CPU
		{00ED347B-3C65-4B72-BC13-92832549CEB9}.Release|Any CPU.Build.0 = Release|Any CPU
	EndGlobalSection
	GlobalSection(SolutionProperties) = preSolution
		HideSolutionNode = FALSE
	EndGlobalSection
	GlobalSection(ExtensibilityGlobals) = postSolution
		SolutionGuid = {B75C584E-134C-4A88-8071-610464E1D9C2}
	EndGlobalSection
EndGlobal
